
Microsoft Visual Studio Solution File, Format Version 12.00
# Visual Studio Version 16
VisualStudioVersion = 16.0.31112.23
MinimumVisualStudioVersion = 10.0.40219.1
Project("{FAE04EC0-301F-11D3-BF4B-00C04F79EFBC}") = "ConsoleFileManager", "ConsoleFileManager\ConsoleFileManager.csproj", "{81C845CF-1BA9-47BE-ACE6-DF8EE934B1A8}"
EndProject
Global
	GlobalSection(SolutionConfigurationPlatforms) = preSolution
		Debug|Any CPU = Debug|Any CPU
		Release|Any CPU = Release|Any CPU
	EndGlobalSection
	GlobalSection(ProjectConfigurationPlatforms) = postSolution
		{81C845CF-1BA9-47BE-ACE6-DF8EE934B1A8}.Debug|Any CPU.ActiveCfg = Debug|Any CPU
		{81C845CF-1BA9-47BE-ACE6-DF8EE934B1A8}.Debug|Any CPU.Build.0 = Debug|Any CPU
		{81C845CF-1BA9-47BE-ACE6-DF8EE934B1A8}.Release|Any CPU.ActiveCfg = Release|Any CPU
		{81C845CF-1BA9-47BE-ACE6-DF8EE934B1A8}.Release|Any CPU.Build.0 = Release|Any CPU
	EndGlobalSection
	GlobalSection(SolutionProperties) = preSolution
		HideSolutionNode = FALSE
	EndGlobalSection
	GlobalSection(ExtensibilityGlobals) = postSolution
		SolutionGuid = {3A732AB0-BC31-4214-9F33-6C2868E08DAA}
	EndGlobalSection
EndGlobal
